{
  "name": "volna-reserved",
  "version": "1.0.0",
  "lockfileVersion": 3,
  "requires": true,
  "packages": {
    "": {
      "name": "volna-reserved",
      "version": "1.0.0",
      "license": "ISC",
      "dependencies": {
        "imask": "^7.6.1",
        "inputmask-core": "^2.2.0",
        "validate.js": "^0.13.1"
      }
    },
    "node_modules/@babel/runtime-corejs3": {
      "version": "7.26.0",
      "resolved": "https://registry.npmjs.org/@babel/runtime-corejs3/-/runtime-corejs3-7.26.0.tgz",
      "integrity": "sha512-YXHu5lN8kJCb1LOb9PgV6pvak43X2h4HvRApcN5SdWeaItQOzfn1hgP6jasD6KWQyJDBxrVmA9o9OivlnNJK/w==",
      "dependencies": {
        "core-js-pure": "^3.30.2",
        "regenerator-runtime": "^0.14.0"
      },
      "engines": {
        "node": ">=6.9.0"
      }
    },
    "node_modules/core-js-pure": {
      "version": "3.39.0",
      "resolved": "https://registry.npmjs.org/core-js-pure/-/core-js-pure-3.39.0.tgz",
      "integrity": "sha512-7fEcWwKI4rJinnK+wLTezeg2smbFFdSBP6E2kQZNbnzM2s1rpKQ6aaRteZSSg7FLU3P0HGGVo/gbpfanU36urg==",
      "hasInstallScript": true,
      "funding": {
        "type": "opencollective",
        "url": "https://opencollective.com/core-js"
      }
    },
    "node_modules/imask": {
      "version": "7.6.1",
      "resolved": "https://registry.npmjs.org/imask/-/imask-7.6.1.tgz",
      "integrity": "sha512-sJlIFM7eathUEMChTh9Mrfw/IgiWgJqBKq2VNbyXvBZ7ev/IlO6/KQTKlV/Fm+viQMLrFLG/zCuudrLIwgK2dg==",
      "dependencies": {
        "@babel/runtime-corejs3": "^7.24.4"
      },
      "engines": {
        "npm": ">=4.0.0"
      }
    },
    "node_modules/inputmask-core": {
      "version": "2.2.0",
      "resolved": "https://registry.npmjs.org/inputmask-core/-/inputmask-core-2.2.0.tgz",
      "integrity": "sha512-CAYFk/wqjfa8c3uexOOQymDaRFK1TUpiNfLyXgiVYbY00G5lvAAngs+h1l/fHOC1oQ6S4gMI2JC0WKwzY94qJg=="
    },
    "node_modules/regenerator-runtime": {
      "version": "0.14.1",
      "resolved": "https://registry.npmjs.org/regenerator-runtime/-/regenerator-runtime-0.14.1.tgz",
      "integrity": "sha512-dYnhHh0nJoMfnkZs6GmmhFknAGRrLznOu5nc9ML+EJxGvrx6H7teuevqVqCuPcPK//3eDrrjQhehXVx9cnkGdw=="
    },
    "node_modules/validate.js": {
      "version": "0.13.1",
      "resolved": "https://registry.npmjs.org/validate.js/-/validate.js-0.13.1.tgz",
      "integrity": "sha512-PnFM3xiZ+kYmLyTiMgTYmU7ZHkjBZz2/+F0DaALc/uUtVzdCt1wAosvYJ5hFQi/hz8O4zb52FQhHZRC+uVkJ+g=="
    }
  }
}
